
Microsoft Visual Studio Solution File, Format Version 12.00
# Visual Studio 15
Project("{FAE04EC0-301F-11D3-BF4B-00C04F79EFBC}") = "UnityEngine.UI", "UnityEngine.UI.csproj", "{934B14D6-CE47-F0E3-53F7-4F5EEEE7BC99}"
EndProject
Project("{FAE04EC0-301F-11D3-BF4B-00C04F79EFBC}") = "Assembly-CSharp", "Assembly-CSharp.csproj", "{50184838-4731-36FE-71EE-3AC3E1BCF73D}"
EndProject
Project("{FAE04EC0-301F-11D3-BF4B-00C04F79EFBC}") = "UnityEditor.UI", "UnityEditor.UI.csproj", "{2DF01FA1-6A3E-6897-E494-43E28A18369B}"
EndProject
Global
	GlobalSection(SolutionConfigurationPlatforms) = preSolution
		Debug|Any CPU = Debug|Any CPU
		Release|Any CPU = Release|Any CPU
	EndGlobalSection
	GlobalSection(ProjectConfigurationPlatforms) = postSolution
		{934B14D6-CE47-F0E3-53F7-4F5EEEE7BC99}.Debug|Any CPU.ActiveCfg = Debug|Any CPU
		{934B14D6-CE47-F0E3-53F7-4F5EEEE7BC99}.Debug|Any CPU.Build.0 = Debug|Any CPU
		{934B14D6-CE47-F0E3-53F7-4F5EEEE7BC99}.Release|Any CPU.ActiveCfg = Release|Any CPU
		{934B14D6-CE47-F0E3-53F7-4F5EEEE7BC99}.Release|Any CPU.Build.0 = Release|Any CPU
		{50184838-4731-36FE-71EE-3AC3E1BCF73D}.Debug|Any CPU.ActiveCfg = Debug|Any CPU
		{50184838-4731-36FE-71EE-3AC3E1BCF73D}.Debug|Any CPU.Build.0 = Debug|Any CPU
		{50184838-4731-36FE-71EE-3AC3E1BCF73D}.Release|Any CPU.ActiveCfg = Release|Any CPU
		{50184838-4731-36FE-71EE-3AC3E1BCF73D}.Release|Any CPU.Build.0 = Release|Any CPU
		{2DF01FA1-6A3E-6897-E494-43E28A18369B}.Debug|Any CPU.ActiveCfg = Debug|Any CPU
		{2DF01FA1-6A3E-6897-E494-43E28A18369B}.Debug|Any CPU.Build.0 = Debug|Any CPU
		{2DF01FA1-6A3E-6897-E494-43E28A18369B}.Release|Any CPU.ActiveCfg = Release|Any CPU
		{2DF01FA1-6A3E-6897-E494-43E28A18369B}.Release|Any CPU.Build.0 = Release|Any CPU
	EndGlobalSection
	GlobalSection(SolutionProperties) = preSolution
		HideSolutionNode = FALSE
	EndGlobalSection
EndGlobal
